
Microsoft Visual Studio Solution File, Format Version 12.00
# Visual Studio 15
VisualStudioVersion = 15.0.28010.2048
MinimumVisualStudioVersion = 10.0.40219.1
Project("{FAE04EC0-301F-11D3-BF4B-00C04F79EFBC}") = "TemaDagarApp", "TemaDagarApp\TemaDagarApp.csproj", "{4FE7146D-F4EE-4E0E-BDE7-D471F9FE423E}"
EndProject
Global
	GlobalSection(SolutionConfigurationPlatforms) = preSolution
		Debug|Any CPU = Debug|Any CPU
		Release|Any CPU = Release|Any CPU
	EndGlobalSection
	GlobalSection(ProjectConfigurationPlatforms) = postSolution
		{4FE7146D-F4EE-4E0E-BDE7-D471F9FE423E}.Debug|Any CPU.ActiveCfg = Debug|Any CPU
		{4FE7146D-F4EE-4E0E-BDE7-D471F9FE423E}.Debug|Any CPU.Build.0 = Debug|Any CPU
		{4FE7146D-F4EE-4E0E-BDE7-D471F9FE423E}.Release|Any CPU.ActiveCfg = Release|Any CPU
		{4FE7146D-F4EE-4E0E-BDE7-D471F9FE423E}.Release|Any CPU.Build.0 = Release|Any CPU
	EndGlobalSection
	GlobalSection(SolutionProperties) = preSolution
		HideSolutionNode = FALSE
	EndGlobalSection
	GlobalSection(ExtensibilityGlobals) = postSolution
		SolutionGuid = {88978DE0-9CEF-4DA0-8AA7-7A2A6CE5506A}
	EndGlobalSection
EndGlobal
